// !$*UTF8*$!
{
	archiveVersion = 1;
	classes = {
	};
	objectVersion = 46;
	objects = {

/* Begin PBXBuildFile section */
		12FACF3E1C4ADF3D00DB89BD /* main.m in Sources */ = {isa = PBXBuildFile; fileRef = 12FACF3D1C4ADF3D00DB89BD /* main.m */; };
/* End PBXBuildFile section */

/* Begin PBXCopyFilesBuildPhase section */
		12FACF381C4ADF3C00DB89BD /* CopyFiles */ = {
			isa = PBXCopyFilesBuildPhase;
			buildActionMask = 2147483647;
			dstPath = /usr/share/man/man1/;
			dstSubfolderSpec = 0;
			files = (
			);
			runOnlyForDeploymentPostprocessing = 1;
		};
/* End PBXCopyFilesBuildPhase section */

/* Begin PBXFileReference section */
		12FACF3A1C4ADF3C00DB89BD /* CourseManagementConsoleApp */ = {isa = PBXFileReference; explicitFileType = "compiled.mach-o.executable"; includeInIndex = 0; path = CourseManagementConsoleApp; sourceTree = BUILT_PRODUCTS_DIR; };
		12FACF3D1C4ADF3D00DB89BD /* main.m */ = {isa = PBXFileReference; lastKnownFileType = sourcecode.c.objc; path = main.m; sourceTree = "<group>"; };
/* End PBXFileReference section */

/* Begin PBXFrameworksBuildPhase section */
		12FACF371C4ADF3C00DB89BD /* Frameworks */ = {
			isa = PBXFrameworksBuildPhase;
			buildActionMask = 2147483647;
			files = (
			);
			runOnlyForDeploymentPostprocessing = 0;
		};
/* End PBXFrameworksBuildPhase section */

/* Begin PBXGroup section */
		12FACF311C4ADF3C00DB89BD = {
			isa = PBXGroup;
			children = (
				12FACF3C1C4ADF3C00DB89BD /* CourseManagementConsoleApp */,
				12FACF3B1C4ADF3C00DB89BD /* Products */,
			);
			sourceTree = "<group>";
		};
		12FACF3B1C4ADF3C00DB89BD /* Products */ = {
			isa = PBXGroup;
			children = (
				12FACF3A1C4ADF3C00DB89BD /* CourseManagementConsoleApp */,
			);
			name = Products;
			sourceTree = "<group>";
		};
		12FACF3C1C4ADF3C00DB89BD /* CourseManagementConsoleApp */ = {
			isa = PBXGroup;
			children = (
				12FACF3D1C4ADF3D00DB89BD /* main.m */,
			);
			path = CourseManagementConsoleApp;
			sourceTree = "<group>";
		};
/* End PBXGroup section */

/* Begin PBXNativeTarget section */
		12FACF391C4ADF3C00DB89BD /* CourseManagementConsoleApp */ = {
			isa = PBXNativeTarget;
			buildConfigurationList = 12FACF411C4ADF3D00DB89BD /* Build configuration list for PBXNativeTarget "CourseManagementConsoleApp" */;
			buildPhases = (
				12FACF361C4ADF3C00DB89BD /* Sources */,
				12FACF371C4ADF3C00DB89BD /* Frameworks */,
				12FACF381C4ADF3C00DB89BD /* CopyFiles */,
			);
			buildRules = (
			);
			dependencies = (
			);
			name = CourseManagementConsoleApp;
			productName = CourseManagementConsoleApp;
			productReference = 12FACF3A1C4ADF3C00DB89BD /* CourseManagementConsoleApp */;
			productType = "com.apple.product-type.tool";
		};
/* End PBXNativeTarget section */

/* Begin PBXProject section */
		12FACF321C4ADF3C00DB89BD /* Project object */ = {
			isa = PBXProject;
			attributes = {
				LastUpgradeCheck = 0720;
				ORGANIZATIONNAME = "Edward Song";
				TargetAttributes = {
					12FACF391C4ADF3C00DB89BD = {
						CreatedOnToolsVersion = 7.2;
					};
				};
			};
			buildConfigurationList = 12FACF351C4ADF3C00DB89BD /* Build configuration list for PBXProject "CourseManagementConsoleApp" */;
			compatibilityVersion = "Xcode 3.2";
			developmentRegion = English;
			hasScannedForEncodings = 0;
			knownRegions = (
				en,
			);
			mainGroup = 12FACF311C4ADF3C00DB89BD;
			productRefGroup = 12FACF3B1C4ADF3C00DB89BD /* Products */;
			projectDirPath = "";
			projectRoot = "";
			targets = (
				12FACF391C4ADF3C00DB89BD /* CourseManagementConsoleApp */,
			);
		};
/* End PBXProject section */

/* Begin PBXSourcesBuildPhase section */
		12FACF361C4ADF3C00DB89BD /* Sources */ = {
			isa = PBXSourcesBuildPhase;
			buildActionMask = 2147483647;
			files = (
				12FACF3E1C4ADF3D00DB89BD /* main.m in Sources */,
			);
			runOnlyForDeploymentPostprocessing = 0;
		};
/* End PBXSourcesBuildPhase section */

/* Begin XCBuildConfiguration section */
		12FACF3F1C4ADF3D00DB89BD /* Debug */ = {
			isa = XCBuildConfiguration;
			buildSettings = {
				ALWAYS_SEARCH_USER_PATHS = NO;
				CLANG_CXX_LANGUAGE_STANDARD = "gnu++0x";
				CLANG_CXX_LIBRARY = "libc++";
				CLANG_ENABLE_MODULES = YES;
				CLANG_ENABLE_OBJC_ARC = YES;
				CLANG_WARN_BOOL_CONVERSION = YES;
				CLANG_WARN_CONSTANT_CONVERSION = YES;
				CLANG_WARN_DIRECT_OBJC_ISA_USAGE = YES_ERROR;
				CLANG_WARN_EMPTY_BODY = YES;
				CLANG_WARN_ENUM_CONVERSION = YES;
				CLANG_WARN_INT_CONVERSION = YES;
				CLANG_WARN_OBJC_ROOT_CLASS = YES_ERROR;
				CLANG_WARN_UNREACHABLE_CODE = YES;
				CLANG_WARN__DUPLICATE_METHOD_MATCH = YES;
				CODE_SIGN_IDENTITY = "-";
				COPY_PHASE_STRIP = NO;
				DEBUG_INFORMATION_FORMAT = dwarf;
				ENABLE_STRICT_OBJC_MSGSEND = YES;
				ENABLE_TESTABILITY = YES;
				GCC_C_LANGUAGE_STANDARD = gnu99;
				GCC_DYNAMIC_NO_PIC = NO;
				GCC_NO_COMMON_BLOCKS = YES;
				GCC_OPTIMIZATION_LEVEL = 0;
				GCC_PREPROCESSOR_DEFINITIONS = (
					"DEBUG=1",
					"$(inherited)",
				);
				GCC_WARN_64_TO_32_BIT_CONVERSION = YES;
				GCC_WARN_ABOUT_RETURN_TYPE = YES_ERROR;
				GCC_WARN_UNDECLARED_SELECTOR = YES;
				GCC_WARN_UNINITIALIZED_AUTOS = YES_AGGRESSIVE;
				GCC_WARN_UNUSED_FUNCTION = YES;
				GCC_WARN_UNUSED_VARIABLE = YES;
				MACOSX_DEPLOYMENT_TARGET = 10.10;
				MTL_ENABLE_DEBUG_INFO = YES;
				ONLY_ACTIVE_ARCH = YES;
				SDKROOT = macosx;
			};
			name = Debug;
		};
		12FACF401C4ADF3D00DB89BD /* Release */ = {
			isa = XCBuildConfiguration;
			buildSettings = {
				ALWAYS_SEARCH_USER_PATHS = NO;
				CLANG_CXX_LANGUAGE_STANDARD = "gnu++0x";
				CLANG_CXX_LIBRARY = "libc++";
				CLANG_ENABLE_MODULES = YES;
				CLANG_ENABLE_OBJC_ARC = YES;
				CLANG_WARN_BOOL_CONVERSION = YES;
				CLANG_WARN_CONSTANT_CONVERSION = YES;
				CLANG_WARN_DIRECT_OBJC_ISA_USAGE = YES_ERROR;
				CLANG_WARN_EMPTY_BODY = YES;
				CLANG_WARN_ENUM_CONVERSION = YES;
				CLANG_WARN_INT_CONVERSION = YES;
				CLANG_WARN_OBJC_ROOT_CLASS = YES_ERROR;
				CLANG_WARN_UNREACHABLE_CODE = YES;
				CLANG_WARN__DUPLICATE_METHOD_MATCH = YES;
				CODE_SIGN_IDENTITY = "-";
				COPY_PHASE_STRIP = NO;
				DEBUG_INFORMATION_FORMAT = "dwarf-with-dsym";
				ENABLE_NS_ASSERTIONS = NO;
				ENABLE_STRICT_OBJC_MSGSEND = YES;
				GCC_C_LANGUAGE_STANDARD = gnu99;
				GCC_NO_COMMON_BLOCKS = YES;
				GCC_WARN_64_TO_32_BIT_CONVERSION = YES;
				GCC_WARN_ABOUT_RETURN_TYPE = YES_ERROR;
				GCC_WARN_UNDECLARED_SELECTOR = YES;
				GCC_WARN_UNINITIALIZED_AUTOS = YES_AGGRESSIVE;
				GCC_WARN_UNUSED_FUNCTION = YES;
				GCC_WARN_UNUSED_VARIABLE = YES;
				MACOSX_DEPLOYMENT_TARGET = 10.10;
				MTL_ENABLE_DEBUG_INFO = NO;
				SDKROOT = macosx;
			};
			name = Release;
		};
		12FACF421C4ADF3D00DB89BD /* Debug */ = {
			isa = XCBuildConfiguration;
			buildSettings = {
				PRODUCT_NAME = "$(TARGET_NAME)";
			};
			name = Debug;
		};
		12FACF431C4ADF3D00DB89BD /* Release */ = {
			isa = XCBuildConfiguration;
			buildSettings = {
				PRODUCT_NAME = "$(TARGET_NAME)";
			};
			name = Release;
		};
/* End XCBuildConfiguration section */

/* Begin XCConfigurationList section */
		12FACF351C4ADF3C00DB89BD /* Build configuration list for PBXProject "CourseManagementConsoleApp" */ = {
			isa = XCConfigurationList;
			buildConfigurations = (
				12FACF3F1C4ADF3D00DB89BD /* Debug */,
				12FACF401C4ADF3D00DB89BD /* Release */,
			);
			defaultConfigurationIsVisible = 0;
			defaultConfigurationName = Release;
		};
		12FACF411C4ADF3D00DB89BD /* Build configuration list for PBXNativeTarget "CourseManagementConsoleApp" */ = {
			isa = XCConfigurationList;
			buildConfigurations = (
				12FACF421C4ADF3D00DB89BD /* Debug */,
				12FACF431C4ADF3D00DB89BD /* Release */,
			);
			defaultConfigurationIsVisible = 0;
		};
/* End XCConfigurationList section */
	};
	rootObject = 12FACF321C4ADF3C00DB89BD /* Project object */;
}
